
Microsoft Visual Studio Solution File, Format Version 12.00
# Visual Studio Version 17
VisualStudioVersion = 17.4.33110.190
MinimumVisualStudioVersion = 10.0.40219.1
Project("{9A19103F-16F7-4668-BE54-9A1E7A4F7556}") = "EducationApp", "EducationApp\EducationApp.csproj", "{4FE77491-BD99-43CA-9EA8-D3F53BD16B19}"
EndProject
Global
	GlobalSection(SolutionConfigurationPlatforms) = preSolution
		Debug|Any CPU = Debug|Any CPU
		Release|Any CPU = Release|Any CPU
	EndGlobalSection
	GlobalSection(ProjectConfigurationPlatforms) = postSolution
		{4FE77491-BD99-43CA-9EA8-D3F53BD16B19}.Debug|Any CPU.ActiveCfg = Debug|Any CPU
		{4FE77491-BD99-43CA-9EA8-D3F53BD16B19}.Debug|Any CPU.Build.0 = Debug|Any CPU
		{4FE77491-BD99-43CA-9EA8-D3F53BD16B19}.Release|Any CPU.ActiveCfg = Release|Any CPU
		{4FE77491-BD99-43CA-9EA8-D3F53BD16B19}.Release|Any CPU.Build.0 = Release|Any CPU
	EndGlobalSection
	GlobalSection(SolutionProperties) = preSolution
		HideSolutionNode = FALSE
	EndGlobalSection
	GlobalSection(ExtensibilityGlobals) = postSolution
		SolutionGuid = {1A25E3D7-89F9-4778-A493-A00656D2D692}
	EndGlobalSection
EndGlobal
